
Microsoft Visual Studio Solution File, Format Version 12.00
# Visual Studio 14
VisualStudioVersion = 14.0.23107.0
MinimumVisualStudioVersion = 10.0.40219.1
Project("{888888A0-9F3D-457C-B088-3A5042F75D52}") = "Project (Bulgarian Solitaire)", "Project (Bulgarian Solitaire)\Project (Bulgarian Solitaire).pyproj", "{8F48694F-AFE0-48CA-AA55-0A07C26175B4}"
EndProject
Project("{888888A0-9F3D-457C-B088-3A5042F75D52}") = "Small tasks", "Small tasks\Small tasks.pyproj", "{4C07D5E4-6D96-46AA-BEB4-79875DC7F86C}"
EndProject
Global
	GlobalSection(SolutionConfigurationPlatforms) = preSolution
		Debug|Any CPU = Debug|Any CPU
		Release|Any CPU = Release|Any CPU
	EndGlobalSection
	GlobalSection(ProjectConfigurationPlatforms) = postSolution
		{8F48694F-AFE0-48CA-AA55-0A07C26175B4}.Debug|Any CPU.ActiveCfg = Debug|Any CPU
		{8F48694F-AFE0-48CA-AA55-0A07C26175B4}.Release|Any CPU.ActiveCfg = Release|Any CPU
		{4C07D5E4-6D96-46AA-BEB4-79875DC7F86C}.Debug|Any CPU.ActiveCfg = Debug|Any CPU
		{4C07D5E4-6D96-46AA-BEB4-79875DC7F86C}.Release|Any CPU.ActiveCfg = Release|Any CPU
	EndGlobalSection
	GlobalSection(SolutionProperties) = preSolution
		HideSolutionNode = FALSE
	EndGlobalSection
EndGlobal
